
Microsoft Visual Studio Solution File, Format Version 12.00
# Visual Studio Version 16
VisualStudioVersion = 16.0.30002.166
MinimumVisualStudioVersion = 10.0.40219.1
Project("{FAE04EC0-301F-11D3-BF4B-00C04F79EFBC}") = "FlightSimulator_Web", "FlightSimulator_Web.csproj", "{26F0312C-AF05-43A2-922A-E670DD951731}"
EndProject
Global
	GlobalSection(SolutionConfigurationPlatforms) = preSolution
		Debug|Any CPU = Debug|Any CPU
		Release|Any CPU = Release|Any CPU
	EndGlobalSection
	GlobalSection(ProjectConfigurationPlatforms) = postSolution
		{26F0312C-AF05-43A2-922A-E670DD951731}.Debug|Any CPU.ActiveCfg = Debug|Any CPU
		{26F0312C-AF05-43A2-922A-E670DD951731}.Debug|Any CPU.Build.0 = Debug|Any CPU
		{26F0312C-AF05-43A2-922A-E670DD951731}.Release|Any CPU.ActiveCfg = Release|Any CPU
		{26F0312C-AF05-43A2-922A-E670DD951731}.Release|Any CPU.Build.0 = Release|Any CPU
	EndGlobalSection
	GlobalSection(SolutionProperties) = preSolution
		HideSolutionNode = FALSE
	EndGlobalSection
	GlobalSection(ExtensibilityGlobals) = postSolution
		SolutionGuid = {B71EFE49-766C-4BEC-98AD-8E9AF7A22919}
	EndGlobalSection
EndGlobal
